uuid: 041b5b72-89dd-48bb-9d3d-9676c451f7f4
langcode: en
status: true
dependencies:
  module:
    - custom_forums
    - system
  theme:
    - buildinggreen
id: buildinggreen_leedusersearchblock
theme: buildinggreen
region: sidebar_first
weight: -14
provider: null
plugin: leeduser_search_block
settings:
  id: leeduser_search_block
  label: 'Leeduser Search Block'
  label_display: '0'
  provider: custom_forums
visibility:
  request_path:
    id: request_path
    negate: false
    pages: /forums
