uuid: 71bf0022-865d-47f5-b48a-cf56c42be89d
langcode: en
status: true
dependencies:
  module:
    - custom_forums
    - system
  theme:
    - buildinggreen
id: buildinggreen_creditpagebuttonblock
theme: buildinggreen
region: sidebar_first
weight: -15
provider: null
plugin: leeduser_credit_page_button
settings:
  id: leeduser_credit_page_button
  label: 'Credit Page Button Block'
  label_display: '0'
  provider: custom_forums
visibility:
  request_path:
    id: request_path
    negate: false
    pages: /forums
